
Microsoft Visual Studio Solution File, Format Version 12.00
# Visual Studio Version 17
VisualStudioVersion = 17.4.33205.214
MinimumVisualStudioVersion = 10.0.40219.1
Project("{FAE04EC0-301F-11D3-BF4B-00C04F79EFBC}") = "LaMa.SIC.Web", "LaMa.SIC.Web\LaMa.SIC.Web.csproj", "{8EF38799-BC45-4595-AC30-9FF0780772C5}"
EndProject
Project("{FAE04EC0-301F-11D3-BF4B-00C04F79EFBC}") = "LaMa.SIC.Core", "LaMa.SIC.Core\LaMa.SIC.Core.csproj", "{51EA3259-423A-4FD6-BFC8-ACD9587D0640}"
EndProject
Global
	GlobalSection(SolutionConfigurationPlatforms) = preSolution
		Debug|Any CPU = Debug|Any CPU
		Release|Any CPU = Release|Any CPU
	EndGlobalSection
	GlobalSection(ProjectConfigurationPlatforms) = postSolution
		{8EF38799-BC45-4595-AC30-9FF0780772C5}.Debug|Any CPU.ActiveCfg = Debug|Any CPU
		{8EF38799-BC45-4595-AC30-9FF0780772C5}.Debug|Any CPU.Build.0 = Debug|Any CPU
		{8EF38799-BC45-4595-AC30-9FF0780772C5}.Release|Any CPU.ActiveCfg = Release|Any CPU
		{8EF38799-BC45-4595-AC30-9FF0780772C5}.Release|Any CPU.Build.0 = Release|Any CPU
		{51EA3259-423A-4FD6-BFC8-ACD9587D0640}.Debug|Any CPU.ActiveCfg = Debug|Any CPU
		{51EA3259-423A-4FD6-BFC8-ACD9587D0640}.Debug|Any CPU.Build.0 = Debug|Any CPU
		{51EA3259-423A-4FD6-BFC8-ACD9587D0640}.Release|Any CPU.ActiveCfg = Release|Any CPU
		{51EA3259-423A-4FD6-BFC8-ACD9587D0640}.Release|Any CPU.Build.0 = Release|Any CPU
	EndGlobalSection
	GlobalSection(SolutionProperties) = preSolution
		HideSolutionNode = FALSE
	EndGlobalSection
	GlobalSection(ExtensibilityGlobals) = postSolution
		SolutionGuid = {DCEF40FB-A25E-40B2-A2D0-E277C69AE9CE}
	EndGlobalSection
EndGlobal
